
Microsoft Visual Studio Solution File, Format Version 12.00
# Visual Studio Version 17
VisualStudioVersion = 17.14.36518.9 d17.14
MinimumVisualStudioVersion = 10.0.40219.1
Project("{FAE04EC0-301F-11D3-BF4B-00C04F79EFBC}") = "SmallProductBrowser", "SmallProductBrowser.csproj", "{00547A03-27DE-44DA-8CAA-FEBABB6F1DDD}"
EndProject
Project("{FAE04EC0-301F-11D3-BF4B-00C04F79EFBC}") = "SmallProductBrowser.Tests", "..\SmallProductBrowser.Tests\SmallProductBrowser.Tests.csproj", "{C94261A5-AB3D-47F8-A0FD-CE4102DDDEF1}"
EndProject
Global
	GlobalSection(SolutionConfigurationPlatforms) = preSolution
		Debug|Any CPU = Debug|Any CPU
		Release|Any CPU = Release|Any CPU
	EndGlobalSection
	GlobalSection(ProjectConfigurationPlatforms) = postSolution
		{00547A03-27DE-44DA-8CAA-FEBABB6F1DDD}.Debug|Any CPU.ActiveCfg = Debug|Any CPU
		{00547A03-27DE-44DA-8CAA-FEBABB6F1DDD}.Debug|Any CPU.Build.0 = Debug|Any CPU
		{00547A03-27DE-44DA-8CAA-FEBABB6F1DDD}.Release|Any CPU.ActiveCfg = Release|Any CPU
		{00547A03-27DE-44DA-8CAA-FEBABB6F1DDD}.Release|Any CPU.Build.0 = Release|Any CPU
		{C94261A5-AB3D-47F8-A0FD-CE4102DDDEF1}.Debug|Any CPU.ActiveCfg = Debug|Any CPU
		{C94261A5-AB3D-47F8-A0FD-CE4102DDDEF1}.Debug|Any CPU.Build.0 = Debug|Any CPU
		{C94261A5-AB3D-47F8-A0FD-CE4102DDDEF1}.Release|Any CPU.ActiveCfg = Release|Any CPU
		{C94261A5-AB3D-47F8-A0FD-CE4102DDDEF1}.Release|Any CPU.Build.0 = Release|Any CPU
	EndGlobalSection
	GlobalSection(SolutionProperties) = preSolution
		HideSolutionNode = FALSE
	EndGlobalSection
	GlobalSection(ExtensibilityGlobals) = postSolution
		SolutionGuid = {5466A6C6-6B41-43F1-B761-6DAD321B9937}
	EndGlobalSection
EndGlobal
